# This file is automatically @generated by Poetry 1.8.3 and should not be changed by hand.

[[package]]
name = "astroid"
version = "3.2.4"
description = "An abstract syntax tree for Python with inference support."
optional = false
python-versions = ">=3.8.0"
files = [
    {file = "astroid-3.2.4-py3-none-any.whl", hash = "sha256:413658a61eeca6202a59231abb473f932038fbcbf1666587f66d482083413a25"},
    {file = "astroid-3.2.4.tar.gz", hash = "sha256:0e14202810b30da1b735827f78f5157be2bbd4a7a59b7707ca0bfc2fb4c0063a"},
]

[[package]]
name = "black"
version = "24.4.2"
description = "The uncompromising code formatter."
optional = false
python-versions = ">=3.8"
files = [
    {file = "black-24.4.2-cp310-cp310-macosx_10_9_x86_64.whl", hash = "sha256:dd1b5a14e417189db4c7b64a6540f31730713d173f0b63e55fabd52d61d8fdce"},
    {file = "black-24.4.2-cp310-cp310-macosx_11_0_arm64.whl", hash = "sha256:8e537d281831ad0e71007dcdcbe50a71470b978c453fa41ce77186bbe0ed6021"},
    {file = "black-24.4.2-cp310-cp310-manylinux_2_17_x86_64.manylinux2014_x86_64.whl", hash = "sha256:eaea3008c281f1038edb473c1aa8ed8143a5535ff18f978a318f10302b254063"},
    {file = "black-24.4.2-cp310-cp310-win_amd64.whl", hash = "sha256:7768a0dbf16a39aa5e9a3ded568bb545c8c2727396d063bbaf847df05b08cd96"},
    {file = "black-24.4.2-cp311-cp311-macosx_10_9_x86_64.whl", hash = "sha256:257d724c2c9b1660f353b36c802ccece186a30accc7742c176d29c146df6e474"},
    {file = "black-24.4.2-cp311-cp311-macosx_11_0_arm64.whl", hash = "sha256:bdde6f877a18f24844e381d45e9947a49e97933573ac9d4345399be37621e26c"},
    {file = "black-24.4.2-cp311-cp311-manylinux_2_17_x86_64.manylinux2014_x86_64.whl", hash = "sha256:e151054aa00bad1f4e1f04919542885f89f5f7d086b8a59e5000e6c616896ffb"},
    {file = "black-24.4.2-cp311-cp311-win_amd64.whl", hash = "sha256:7e122b1c4fb252fd85df3ca93578732b4749d9be076593076ef4d07a0233c3e1"},
    {file = "black-24.4.2-cp312-cp312-macosx_10_9_x86_64.whl", hash = "sha256:accf49e151c8ed2c0cdc528691838afd217c50412534e876a19270fea1e28e2d"},
    {file = "black-24.4.2-cp312-cp312-macosx_11_0_arm64.whl", hash = "sha256:88c57dc656038f1ab9f92b3eb5335ee9b021412feaa46330d5eba4e51fe49b04"},
    {file = "black-24.4.2-cp312-cp312-manylinux_2_17_x86_64.manylinux2014_x86_64.whl", hash = "sha256:be8bef99eb46d5021bf053114442914baeb3649a89dc5f3a555c88737e5e98fc"},
    {file = "black-24.4.2-cp312-cp312-win_amd64.whl", hash = "sha256:415e686e87dbbe6f4cd5ef0fbf764af7b89f9057b97c908742b6008cc554b9c0"},
    {file = "black-24.4.2-cp38-cp38-macosx_10_9_x86_64.whl", hash = "sha256:bf10f7310db693bb62692609b397e8d67257c55f949abde4c67f9cc574492cc7"},
    {file = "black-24.4.2-cp38-cp38-macosx_11_0_arm64.whl", hash = "sha256:98e123f1d5cfd42f886624d84464f7756f60ff6eab89ae845210631714f6db94"},
    {file = "black-24.4.2-cp38-cp38-manylinux_2_17_x86_64.manylinux2014_x86_64.whl", hash = "sha256:48a85f2cb5e6799a9ef05347b476cce6c182d6c71ee36925a6c194d074336ef8"},
    {file = "black-24.4.2-cp38-cp38-win_amd64.whl", hash = "sha256:b1530ae42e9d6d5b670a34db49a94115a64596bc77710b1d05e9801e62ca0a7c"},
    {file = "black-24.4.2-cp39-cp39-macosx_10_9_x86_64.whl", hash = "sha256:37aae07b029fa0174d39daf02748b379399b909652a806e5708199bd93899da1"},
    {file = "black-24.4.2-cp39-cp39-macosx_11_0_arm64.whl", hash = "sha256:da33a1a5e49c4122ccdfd56cd021ff1ebc4a1ec4e2d01594fef9b6f267a9e741"},
    {file = "black-24.4.2-cp39-cp39-manylinux_2_17_x86_64.manylinux2014_x86_64.whl", hash = "sha256:ef703f83fc32e131e9bcc0a5094cfe85599e7109f896fe8bc96cc402f3eb4b6e"},
    {file = "black-24.4.2-cp39-cp39-win_amd64.whl", hash = "sha256:b9176b9832e84308818a99a561e90aa479e73c523b3f77afd07913380ae2eab7"},
    {file = "black-24.4.2-py3-none-any.whl", hash = "sha256:d36ed1124bb81b32f8614555b34cc4259c3fbc7eec17870e8ff8ded335b58d8c"},
    {file = "black-24.4.2.tar.gz", hash = "sha256:c872b53057f000085da66a19c55d68f6f8ddcac2642392ad3a355878406fbd4d"},
]

[package.dependencies]
click = ">=8.0.0"
mypy-extensions = ">=0.4.3"
packaging = ">=22.0"
pathspec = ">=0.9.0"
platformdirs = ">=2"

[package.extras]
colorama = ["colorama (>=0.4.3)"]
d = ["aiohttp (>=3.7.4)", "aiohttp (>=3.7.4,!=3.9.0)"]
jupyter = ["ipython (>=7.8.0)", "tokenize-rt (>=3.2.0)"]
uvloop = ["uvloop (>=0.15.2)"]

[[package]]
name = "click"
version = "8.1.7"
description = "Composable command line interface toolkit"
optional = false
python-versions = ">=3.7"
files = [
    {file = "click-8.1.7-py3-none-any.whl", hash = "sha256:ae74fb96c20a0277a1d615f1e4d73c8414f5a98db8b799a7931d1582f3390c28"},
    {file = "click-8.1.7.tar.gz", hash = "sha256:ca9853ad459e787e2192211578cc907e7594e294c7ccc834310722b41b9ca6de"},
]

[package.dependencies]
colorama = {version = "*", markers = "platform_system == \"Windows\""}

[[package]]
name = "colorama"
version = "0.4.6"
description = "Cross-platform colored terminal text."
optional = false
python-versions = "!=3.0.*,!=3.1.*,!=3.2.*,!=3.3.*,!=3.4.*,!=3.5.*,!=3.6.*,>=2.7"
files = [
    {file = "colorama-0.4.6-py2.py3-none-any.whl", hash = "sha256:4f1d9991f5acc0ca119f9d443620b77f9d6b33703e51011c16baf57afb285fc6"},
    {file = "colorama-0.4.6.tar.gz", hash = "sha256:08695f5cb7ed6e0531a20572697297273c47b8cae5a63ffc6d6ed5c201be6e44"},
]

[[package]]
name = "dill"
version = "0.3.8"
description = "serialize all of Python"
optional = false
python-versions = ">=3.8"
files = [
    {file = "dill-0.3.8-py3-none-any.whl", hash = "sha256:c36ca9ffb54365bdd2f8eb3eff7d2a21237f8452b57ace88b1ac615b7e815bd7"},
    {file = "dill-0.3.8.tar.gz", hash = "sha256:3ebe3c479ad625c4553aca177444d89b486b1d84982eeacded644afc0cf797ca"},
]

[package.extras]
graph = ["objgraph (>=1.7.2)"]
profile = ["gprof2dot (>=2022.7.29)"]

[[package]]
name = "flake8"
version = "7.1.0"
description = "the modular source code checker: pep8 pyflakes and co"
optional = false
python-versions = ">=3.8.1"
files = [
    {file = "flake8-7.1.0-py2.py3-none-any.whl", hash = "sha256:2e416edcc62471a64cea09353f4e7bdba32aeb079b6e360554c659a122b1bc6a"},
    {file = "flake8-7.1.0.tar.gz", hash = "sha256:48a07b626b55236e0fb4784ee69a465fbf59d79eec1f5b4785c3d3bc57d17aa5"},
]

[package.dependencies]
mccabe = ">=0.7.0,<0.8.0"
pycodestyle = ">=2.12.0,<2.13.0"
pyflakes = ">=3.2.0,<3.3.0"

[[package]]
name = "isort"
version = "5.13.2"
description = "A Python utility / library to sort Python imports."
optional = false
python-versions = ">=3.8.0"
files = [
    {file = "isort-5.13.2-py3-none-any.whl", hash = "sha256:8ca5e72a8d85860d5a3fa69b8745237f2939afe12dbf656afbcb47fe72d947a6"},
    {file = "isort-5.13.2.tar.gz", hash = "sha256:48fdfcb9face5d58a4f6dde2e72a1fb8dcaf8ab26f95ab49fab84c2ddefb0109"},
]

[package.extras]
colors = ["colorama (>=0.4.6)"]

[[package]]
name = "librt"
version = "0.7.3"
description = "Mypyc runtime library"
optional = false
python-versions = ">=3.9"
files = [
    {file = "librt-0.7.3-cp310-cp310-macosx_10_9_x86_64.whl", hash = "sha256:2682162855a708e3270eba4b92026b93f8257c3e65278b456c77631faf0f4f7a"},
    {file = "librt-0.7.3-cp310-cp310-macosx_11_0_arm64.whl", hash = "sha256:440c788f707c061d237c1e83edf6164ff19f5c0f823a3bf054e88804ebf971ec"},
    {file = "librt-0.7.3-cp310-cp310-manylinux1_i686.manylinux_2_28_i686.manylinux_2_5_i686.whl", hash = "sha256:399938edbd3d78339f797d685142dd8a623dfaded023cf451033c85955e4838a"},
    {file = "librt-0.7.3-cp310-cp310-manylinux2014_aarch64.manylinux_2_17_aarch64.manylinux_2_28_aarch64.whl", hash = "sha256:1975eda520957c6e0eb52d12968dd3609ffb7eef05d4223d097893d6daf1d8a7"},
    {file = "librt-0.7.3-cp310-cp310-manylinux2014_x86_64.manylinux_2_17_x86_64.manylinux_2_28_x86_64.whl", hash = "sha256:f9da128d0edf990cf0d2ca011b02cd6f639e79286774bd5b0351245cbb5a6e51"},
    {file = "librt-0.7.3-cp310-cp310-musllinux_1_2_aarch64.whl", hash = "sha256:e19acfde38cb532a560b98f473adc741c941b7a9bc90f7294bc273d08becb58b"},
    {file = "librt-0.7.3-cp310-cp310-musllinux_1_2_i686.whl", hash = "sha256:7b4f57f7a0c65821c5441d98c47ff7c01d359b1e12328219709bdd97fdd37f90"},
    {file = "librt-0.7.3-cp310-cp310-musllinux_1_2_x86_64.whl", hash = "sha256:256793988bff98040de23c57cf36e1f4c2f2dc3dcd17537cdac031d3b681db71"},
    {file = "librt-0.7.3-cp310-cp310-win32.whl", hash = "sha256:fcb72249ac4ea81a7baefcbff74df7029c3cb1cf01a711113fa052d563639c9c"},
    {file = "librt-0.7.3-cp310-cp310-win_amd64.whl", hash = "sha256:4887c29cadbdc50640179e3861c276325ff2986791e6044f73136e6e798ff806"},
    {file = "librt-0.7.3-cp311-cp311-macosx_10_9_x86_64.whl", hash = "sha256:687403cced6a29590e6be6964463835315905221d797bc5c934a98750fe1a9af"},
    {file = "librt-0.7.3-cp311-cp311-macosx_11_0_arm64.whl", hash = "sha256:24d70810f6e2ea853ff79338001533716b373cc0f63e2a0be5bc96129edb5fb5"},
    {file = "librt-0.7.3-cp311-cp311-manylinux1_i686.manylinux_2_28_i686.manylinux_2_5_i686.whl", hash = "sha256:bf8c7735fbfc0754111f00edda35cf9e98a8d478de6c47b04eaa9cef4300eaa7"},
    {file = "librt-0.7.3-cp311-cp311-manylinux2014_aarch64.manylinux_2_17_aarch64.manylinux_2_28_aarch64.whl", hash = "sha256:e32d43610dff472eab939f4d7fbdd240d1667794192690433672ae22d7af8445"},
    {file = "librt-0.7.3-cp311-cp311-manylinux2014_x86_64.manylinux_2_17_x86_64.manylinux_2_28_x86_64.whl", hash = "sha256:adeaa886d607fb02563c1f625cf2ee58778a2567c0c109378da8f17ec3076ad7"},
    {file = "librt-0.7.3-cp311-cp311-musllinux_1_2_aarch64.whl", hash = "sha256:572a24fc5958c61431da456a0ef1eeea6b4989d81eeb18b8e5f1f3077592200b"},
    {file = "librt-0.7.3-cp311-cp311-musllinux_1_2_i686.whl", hash = "sha256:6488e69d408b492e08bfb68f20c4a899a354b4386a446ecd490baff8d0862720"},
    {file = "librt-0.7.3-cp311-cp311-musllinux_1_2_x86_64.whl", hash = "sha256:ed028fc3d41adda916320712838aec289956c89b4f0a361ceadf83a53b4c047a"},
    {file = "librt-0.7.3-cp311-cp311-win32.whl", hash = "sha256:2cf9d73499486ce39eebbff5f42452518cc1f88d8b7ea4a711ab32962b176ee2"},
    {file = "librt-0.7.3-cp311-cp311-win_amd64.whl", hash = "sha256:35f1609e3484a649bb80431310ddbec81114cd86648f1d9482bc72a3b86ded2e"},
    {file = "librt-0.7.3-cp311-cp311-win_arm64.whl", hash = "sha256:550fdbfbf5bba6a2960b27376ca76d6aaa2bd4b1a06c4255edd8520c306fcfc0"},
    {file = "librt-0.7.3-cp312-cp312-macosx_10_13_x86_64.whl", hash = "sha256:0fa9ac2e49a6bee56e47573a6786cb635e128a7b12a0dc7851090037c0d397a3"},
    {file = "librt-0.7.3-cp312-cp312-macosx_11_0_arm64.whl", hash = "sha256:2e980cf1ed1a2420a6424e2ed884629cdead291686f1048810a817de07b5eb18"},
    {file = "librt-0.7.3-cp312-cp312-manylinux1_i686.manylinux_2_28_i686.manylinux_2_5_i686.whl", hash = "sha256:e094e445c37c57e9ec612847812c301840239d34ccc5d153a982fa9814478c60"},
    {file = "librt-0.7.3-cp312-cp312-manylinux2014_aarch64.manylinux_2_17_aarch64.manylinux_2_28_aarch64.whl", hash = "sha256:aca73d70c3f553552ba9133d4a09e767dcfeee352d8d8d3eb3f77e38a3beb3ed"},
    {file = "librt-0.7.3-cp312-cp312-manylinux2014_x86_64.manylinux_2_17_x86_64.manylinux_2_28_x86_64.whl", hash = "sha256:c634a0a6db395fdaba0361aa78395597ee72c3aad651b9a307a3a7eaf5efd67e"},
    {file = "librt-0.7.3-cp312-cp312-musllinux_1_2_aarch64.whl", hash = "sha256:a59a69deeb458c858b8fea6acf9e2acd5d755d76cd81a655256bc65c20dfff5b"},
    {file = "librt-0.7.3-cp312-cp312-musllinux_1_2_i686.whl", hash = "sha256:d91e60ac44bbe3a77a67af4a4c13114cbe9f6d540337ce22f2c9eaf7454ca71f"},
    {file = "librt-0.7.3-cp312-cp312-musllinux_1_2_x86_64.whl", hash = "sha256:703456146dc2bf430f7832fd1341adac5c893ec3c1430194fdcefba00012555c"},
    {file = "librt-0.7.3-cp312-cp312-win32.whl", hash = "sha256:b7c1239b64b70be7759554ad1a86288220bbb04d68518b527783c4ad3fb4f80b"},
    {file = "librt-0.7.3-cp312-cp312-win_amd64.whl", hash = "sha256:ef59c938f72bdbc6ab52dc50f81d0637fde0f194b02d636987cea2ab30f8f55a"},
    {file = "librt-0.7.3-cp312-cp312-win_arm64.whl", hash = "sha256:ff21c554304e8226bf80c3a7754be27c6c3549a9fec563a03c06ee8f494da8fc"},
    {file = "librt-0.7.3-cp313-cp313-macosx_10_13_x86_64.whl", hash = "sha256:56f2a47beda8409061bc1c865bef2d4bd9ff9255219402c0817e68ab5ad89aed"},
    {file = "librt-0.7.3-cp313-cp313-macosx_11_0_arm64.whl", hash = "sha256:14569ac5dd38cfccf0a14597a88038fb16811a6fede25c67b79c6d50fc2c8fdc"},
    {file = "librt-0.7.3-cp313-cp313-manylinux1_i686.manylinux_2_28_i686.manylinux_2_5_i686.whl", hash = "sha256:6038ccbd5968325a5d6fd393cf6e00b622a8de545f0994b89dd0f748dcf3e19e"},
    {file = "librt-0.7.3-cp313-cp313-manylinux2014_aarch64.manylinux_2_17_aarch64.manylinux_2_28_aarch64.whl", hash = "sha256:d39079379a9a28e74f4d57dc6357fa310a1977b51ff12239d7271ec7e71d67f5"},
    {file = "librt-0.7.3-cp313-cp313-manylinux2014_x86_64.manylinux_2_17_x86_64.manylinux_2_28_x86_64.whl", hash = "sha256:8837d5a52a2d7aa9f4c3220a8484013aed1d8ad75240d9a75ede63709ef89055"},
    {file = "librt-0.7.3-cp313-cp313-musllinux_1_2_aarch64.whl", hash = "sha256:399bbd7bcc1633c3e356ae274a1deb8781c7bf84d9c7962cc1ae0c6e87837292"},
    {file = "librt-0.7.3-cp313-cp313-musllinux_1_2_i686.whl", hash = "sha256:8d8cf653e798ee4c4e654062b633db36984a1572f68c3aa25e364a0ddfbbb910"},
    {file = "librt-0.7.3-cp313-cp313-musllinux_1_2_x86_64.whl", hash = "sha256:2f03484b54bf4ae80ab2e504a8d99d20d551bfe64a7ec91e218010b467d77093"},
    {file = "librt-0.7.3-cp313-cp313-win32.whl", hash = "sha256:44b3689b040df57f492e02cd4f0bacd1b42c5400e4b8048160c9d5e866de8abe"},
    {file = "librt-0.7.3-cp313-cp313-win_amd64.whl", hash = "sha256:6b407c23f16ccc36614c136251d6b32bf30de7a57f8e782378f1107be008ddb0"},
    {file = "librt-0.7.3-cp313-cp313-win_arm64.whl", hash = "sha256:abfc57cab3c53c4546aee31859ef06753bfc136c9d208129bad23e2eca39155a"},
    {file = "librt-0.7.3-cp314-cp314-macosx_10_13_x86_64.whl", hash = "sha256:120dd21d46ff875e849f1aae19346223cf15656be489242fe884036b23d39e93"},
    {file = "librt-0.7.3-cp314-cp314-macosx_11_0_arm64.whl", hash = "sha256:1617bea5ab31266e152871208502ee943cb349c224846928a1173c864261375e"},
    {file = "librt-0.7.3-cp314-cp314-manylinux1_i686.manylinux_2_28_i686.manylinux_2_5_i686.whl", hash = "sha256:93b2a1f325fefa1482516ced160c8c7b4b8d53226763fa6c93d151fa25164207"},
    {file = "librt-0.7.3-cp314-cp314-manylinux2014_aarch64.manylinux_2_17_aarch64.manylinux_2_28_aarch64.whl", hash = "sha256:f3d4801db8354436fd3936531e7f0e4feb411f62433a6b6cb32bb416e20b529f"},
    {file = "librt-0.7.3-cp314-cp314-manylinux2014_x86_64.manylinux_2_17_x86_64.manylinux_2_28_x86_64.whl", hash = "sha256:11ad45122bbed42cfc8b0597450660126ef28fd2d9ae1a219bc5af8406f95678"},
    {file = "librt-0.7.3-cp314-cp314-musllinux_1_2_aarch64.whl", hash = "sha256:6b4e7bff1d76dd2b46443078519dc75df1b5e01562345f0bb740cea5266d8218"},
    {file = "librt-0.7.3-cp314-cp314-musllinux_1_2_i686.whl", hash = "sha256:d86f94743a11873317094326456b23f8a5788bad9161fd2f0e52088c33564620"},
    {file = "librt-0.7.3-cp314-cp314-musllinux_1_2_x86_64.whl", hash = "sha256:754a0d09997095ad764ccef050dd5bf26cbf457aab9effcba5890dad081d879e"},
    {file = "librt-0.7.3-cp314-cp314-win32.whl", hash = "sha256:fbd7351d43b80d9c64c3cfcb50008f786cc82cba0450e8599fdd64f264320bd3"},
    {file = "librt-0.7.3-cp314-cp314-win_amd64.whl", hash = "sha256:d376a35c6561e81d2590506804b428fc1075fcc6298fc5bb49b771534c0ba010"},
    {file = "librt-0.7.3-cp314-cp314-win_arm64.whl", hash = "sha256:cbdb3f337c88b43c3b49ca377731912c101178be91cb5071aac48faa898e6f8e"},
    {file = "librt-0.7.3-cp314-cp314t-macosx_10_13_x86_64.whl", hash = "sha256:9f0e0927efe87cd42ad600628e595a1a0aa1c64f6d0b55f7e6059079a428641a"},
    {file = "librt-0.7.3-cp314-cp314t-macosx_11_0_arm64.whl", hash = "sha256:020c6db391268bcc8ce75105cb572df8cb659a43fd347366aaa407c366e5117a"},
    {file = "librt-0.7.3-cp314-cp314t-manylinux1_i686.manylinux_2_28_i686.manylinux_2_5_i686.whl", hash = "sha256:7af7785f5edd1f418da09a8cdb9ec84b0213e23d597413e06525340bcce1ea4f"},
    {file = "librt-0.7.3-cp314-cp314t-manylinux2014_aarch64.manylinux_2_17_aarch64.manylinux_2_28_aarch64.whl", hash = "sha256:8ccadf260bb46a61b9c7e89e2218f6efea9f3eeaaab4e3d1f58571890e54858e"},
    {file = "librt-0.7.3-cp314-cp314t-manylinux2014_x86_64.manylinux_2_17_x86_64.manylinux_2_28_x86_64.whl", hash = "sha256:d9883b2d819ce83f87ba82a746c81d14ada78784db431e57cc9719179847376e"},
    {file = "librt-0.7.3-cp314-cp314t-musllinux_1_2_aarch64.whl", hash = "sha256:59cb0470612d21fa1efddfa0dd710756b50d9c7fb6c1236bbf8ef8529331dc70"},
    {file = "librt-0.7.3-cp314-cp314t-musllinux_1_2_i686.whl", hash = "sha256:1fe603877e1865b5fd047a5e40379509a4a60204aa7aa0f72b16f7a41c3f0712"},
    {file = "librt-0.7.3-cp314-cp314t-musllinux_1_2_x86_64.whl", hash = "sha256:5460d99ed30f043595bbdc888f542bad2caeb6226b01c33cda3ae444e8f82d42"},
    {file = "librt-0.7.3-cp314-cp314t-win32.whl", hash = "sha256:d09f677693328503c9e492e33e9601464297c01f9ebd966ea8fc5308f3069bfd"},
    {file = "librt-0.7.3-cp314-cp314t-win_amd64.whl", hash = "sha256:25711f364c64cab2c910a0247e90b51421e45dbc8910ceeb4eac97a9e132fc6f"},
    {file = "librt-0.7.3-cp314-cp314t-win_arm64.whl", hash = "sha256:a9f9b661f82693eb56beb0605156c7fca57f535704ab91837405913417d6990b"},
    {file = "librt-0.7.3-cp39-cp39-macosx_10_9_x86_64.whl", hash = "sha256:cd8551aa21df6c60baa2624fd086ae7486bdde00c44097b32e1d1b1966e365e0"},
    {file = "librt-0.7.3-cp39-cp39-macosx_11_0_arm64.whl", hash = "sha256:6eb9295c730e26b849ed1f4022735f36863eb46b14b6e10604c1c39b8b5efaea"},
    {file = "librt-0.7.3-cp39-cp39-manylinux1_i686.manylinux_2_28_i686.manylinux_2_5_i686.whl", hash = "sha256:3edbf257c40d21a42615e9e332a6b10a8bacaaf58250aed8552a14a70efd0d65"},
    {file = "librt-0.7.3-cp39-cp39-manylinux2014_aarch64.manylinux_2_17_aarch64.manylinux_2_28_aarch64.whl", hash = "sha256:7b29e97273bd6999e2bfe9fe3531b1f4f64effd28327bced048a33e49b99674a"},
    {file = "librt-0.7.3-cp39-cp39-manylinux2014_x86_64.manylinux_2_17_x86_64.manylinux_2_28_x86_64.whl", hash = "sha256:2e40520c37926166c24d0c2e0f3bc3a5f46646c34bdf7b4ea9747c297d6ee809"},
    {file = "librt-0.7.3-cp39-cp39-musllinux_1_2_aarch64.whl", hash = "sha256:6bdd9adfca615903578d2060ee8a6eb1c24eaf54919ff0ddc820118e5718931b"},
    {file = "librt-0.7.3-cp39-cp39-musllinux_1_2_i686.whl", hash = "sha256:f57aca20e637750a2c18d979f7096e2c2033cc40cf7ed201494318de1182f135"},
    {file = "librt-0.7.3-cp39-cp39-musllinux_1_2_x86_64.whl", hash = "sha256:cad9971881e4fec00d96af7eaf4b63aa7a595696fc221808b0d3ce7ca9743258"},
    {file = "librt-0.7.3-cp39-cp39-win32.whl", hash = "sha256:170cdb8436188347af17bf9cccf3249ba581c933ed56d926497119d4cf730cec"},
    {file = "librt-0.7.3-cp39-cp39-win_amd64.whl", hash = "sha256:b278a9248a4e3260fee3db7613772ca9ab6763a129d6d6f29555e2f9b168216d"},
    {file = "librt-0.7.3.tar.gz", hash = "sha256:3ec50cf65235ff5c02c5b747748d9222e564ad48597122a361269dd3aa808798"},
]

[[package]]
name = "mccabe"
version = "0.7.0"
description = "McCabe checker, plugin for flake8"
optional = false
python-versions = ">=3.6"
files = [
    {file = "mccabe-0.7.0-py2.py3-none-any.whl", hash = "sha256:6c2d30ab6be0e4a46919781807b4f0d834ebdd6c6e3dca0bda5a15f863427b6e"},
    {file = "mccabe-0.7.0.tar.gz", hash = "sha256:348e0240c33b60bbdf4e523192ef919f28cb2c3d7d5c7794f74009290f236325"},
]

[[package]]
name = "mypy"
version = "1.19.1"
description = "Optional static typing for Python"
optional = false
python-versions = ">=3.9"
files = [
    {file = "mypy-1.19.1-cp310-cp310-macosx_10_9_x86_64.whl", hash = "sha256:5f05aa3d375b385734388e844bc01733bd33c644ab48e9684faa54e5389775ec"},
    {file = "mypy-1.19.1-cp310-cp310-macosx_11_0_arm64.whl", hash = "sha256:022ea7279374af1a5d78dfcab853fe6a536eebfda4b59deab53cd21f6cd9f00b"},
    {file = "mypy-1.19.1-cp310-cp310-manylinux2014_aarch64.manylinux_2_17_aarch64.manylinux_2_28_aarch64.whl", hash = "sha256:ee4c11e460685c3e0c64a4c5de82ae143622410950d6be863303a1c4ba0e36d6"},
    {file = "mypy-1.19.1-cp310-cp310-manylinux2014_x86_64.manylinux_2_17_x86_64.manylinux_2_28_x86_64.whl", hash = "sha256:de759aafbae8763283b2ee5869c7255391fbc4de3ff171f8f030b5ec48381b74"},
    {file = "mypy-1.19.1-cp310-cp310-musllinux_1_2_x86_64.whl", hash = "sha256:ab43590f9cd5108f41aacf9fca31841142c786827a74ab7cc8a2eacb634e09a1"},
    {file = "mypy-1.19.1-cp310-cp310-win_amd64.whl", hash = "sha256:2899753e2f61e571b3971747e302d5f420c3fd09650e1951e99f823bc3089dac"},
    {file = "mypy-1.19.1-cp311-cp311-macosx_10_9_x86_64.whl", hash = "sha256:d8dfc6ab58ca7dda47d9237349157500468e404b17213d44fc1cb77bce532288"},
    {file = "mypy-1.19.1-cp311-cp311-macosx_11_0_arm64.whl", hash = "sha256:e3f276d8493c3c97930e354b2595a44a21348b320d859fb4a2b9f66da9ed27ab"},
    {file = "mypy-1.19.1-cp311-cp311-manylinux2014_aarch64.manylinux_2_17_aarch64.manylinux_2_28_aarch64.whl", hash = "sha256:2abb24cf3f17864770d18d673c85235ba52456b36a06b6afc1e07c1fdcd3d0e6"},
    {file = "mypy-1.19.1-cp311-cp311-manylinux2014_x86_64.manylinux_2_17_x86_64.manylinux_2_28_x86_64.whl", hash = "sha256:a009ffa5a621762d0c926a078c2d639104becab69e79538a494bcccb62cc0331"},
    {file = "mypy-1.19.1-cp311-cp311-musllinux_1_2_x86_64.whl", hash = "sha256:f7cee03c9a2e2ee26ec07479f38ea9c884e301d42c6d43a19d20fb014e3ba925"},
    {file = "mypy-1.19.1-cp311-cp311-win_amd64.whl", hash = "sha256:4b84a7a18f41e167f7995200a1d07a4a6810e89d29859df936f1c3923d263042"},
    {file = "mypy-1.19.1-cp312-cp312-macosx_10_13_x86_64.whl", hash = "sha256:a8174a03289288c1f6c46d55cef02379b478bfbc8e358e02047487cad44c6ca1"},
    {file = "mypy-1.19.1-cp312-cp312-macosx_11_0_arm64.whl", hash = "sha256:ffcebe56eb09ff0c0885e750036a095e23793ba6c2e894e7e63f6d89ad51f22e"},
    {file = "mypy-1.19.1-cp312-cp312-manylinux2014_aarch64.manylinux_2_17_aarch64.manylinux_2_28_aarch64.whl", hash = "sha256:b64d987153888790bcdb03a6473d321820597ab8dd9243b27a92153c4fa50fd2"},
    {file = "mypy-1.19.1-cp312-cp312-manylinux2014_x86_64.manylinux_2_17_x86_64.manylinux_2_28_x86_64.whl", hash = "sha256:c35d298c2c4bba75feb2195655dfea8124d855dfd7343bf8b8c055421eaf0cf8"},
    {file = "mypy-1.19.1-cp312-cp312-musllinux_1_2_x86_64.whl", hash = "sha256:34c81968774648ab5ac09c29a375fdede03ba253f8f8287847bd480782f73a6a"},
    {file = "mypy-1.19.1-cp312-cp312-win_amd64.whl", hash = "sha256:b10e7c2cd7870ba4ad9b2d8a6102eb5ffc1f16ca35e3de6bfa390c1113029d13"},
    {file = "mypy-1.19.1-cp313-cp313-macosx_10_13_x86_64.whl", hash = "sha256:e3157c7594ff2ef1634ee058aafc56a82db665c9438fd41b390f3bde1ab12250"},
    {file = "mypy-1.19.1-cp313-cp313-macosx_11_0_arm64.whl", hash = "sha256:bdb12f69bcc02700c2b47e070238f42cb87f18c0bc1fc4cdb4fb2bc5fd7a3b8b"},
    {file = "mypy-1.19.1-cp313-cp313-manylinux2014_aarch64.manylinux_2_17_aarch64.manylinux_2_28_aarch64.whl", hash = "sha256:f859fb09d9583a985be9a493d5cfc5515b56b08f7447759a0c5deaf68d80506e"},
    {file = "mypy-1.19.1-cp313-cp313-manylinux2014_x86_64.manylinux_2_17_x86_64.manylinux_2_28_x86_64.whl", hash = "sha256:c9a6538e0415310aad77cb94004ca6482330fece18036b5f360b62c45814c4ef"},
    {file = "mypy-1.19.1-cp313-cp313-musllinux_1_2_x86_64.whl", hash = "sha256:da4869fc5e7f62a88f3fe0b5c919d1d9f7ea3cef92d3689de2823fd27e40aa75"},
    {file = "mypy-1.19.1-cp313-cp313-win_amd64.whl", hash = "sha256:016f2246209095e8eda7538944daa1d60e1e8134d98983b9fc1e92c1fc0cb8dd"},
    {file = "mypy-1.19.1-cp314-cp314-macosx_10_15_x86_64.whl", hash = "sha256:06e6170bd5836770e8104c8fdd58e5e725cfeb309f0a6c681a811f557e97eac1"},
    {file = "mypy-1.19.1-cp314-cp314-macosx_11_0_arm64.whl", hash = "sha256:804bd67b8054a85447c8954215a906d6eff9cabeabe493fb6334b24f4bfff718"},
    {file = "mypy-1.19.1-cp314-cp314-manylinux2014_aarch64.manylinux_2_17_aarch64.manylinux_2_28_aarch64.whl", hash = "sha256:21761006a7f497cb0d4de3d8ef4ca70532256688b0523eee02baf9eec895e27b"},
    {file = "mypy-1.19.1-cp314-cp314-manylinux2014_x86_64.manylinux_2_17_x86_64.manylinux_2_28_x86_64.whl", hash = "sha256:28902ee51f12e0f19e1e16fbe2f8f06b6637f482c459dd393efddd0ec7f82045"},
    {file = "mypy-1.19.1-cp314-cp314-musllinux_1_2_x86_64.whl", hash = "sha256:481daf36a4c443332e2ae9c137dfee878fcea781a2e3f895d54bd3002a900957"},
    {file = "mypy-1.19.1-cp314-cp314-win_amd64.whl", hash = "sha256:8bb5c6f6d043655e055be9b542aa5f3bdd30e4f3589163e85f93f3640060509f"},
    {file = "mypy-1.19.1-cp39-cp39-macosx_10_9_x86_64.whl", hash = "sha256:7bcfc336a03a1aaa26dfce9fff3e287a3ba99872a157561cbfcebe67c13308e3"},
    {file = "mypy-1.19.1-cp39-cp39-macosx_11_0_arm64.whl", hash = "sha256:b7951a701c07ea584c4fe327834b92a30825514c868b1f69c30445093fdd9d5a"},
    {file = "mypy-1.19.1-cp39-cp39-manylinux2014_aarch64.manylinux_2_17_aarch64.manylinux_2_28_aarch64.whl", hash = "sha256:b13cfdd6c87fc3efb69ea4ec18ef79c74c3f98b4e5498ca9b85ab3b2c2329a67"},
    {file = "mypy-1.19.1-cp39-cp39-manylinux2014_x86_64.manylinux_2_17_x86_64.manylinux_2_28_x86_64.whl", hash = "sha256:4f28f99c824ecebcdaa2e55d82953e38ff60ee5ec938476796636b86afa3956e"},
    {file = "mypy-1.19.1-cp39-cp39-musllinux_1_2_x86_64.whl", hash = "sha256:c608937067d2fc5a4dd1a5ce92fd9e1398691b8c5d012d66e1ddd430e9244376"},
    {file = "mypy-1.19.1-cp39-cp39-win_amd64.whl", hash = "sha256:409088884802d511ee52ca067707b90c883426bd95514e8cfda8281dc2effe24"},
    {file = "mypy-1.19.1-py3-none-any.whl", hash = "sha256:f1235f5ea01b7db5468d53ece6aaddf1ad0b88d9e7462b86ef96fe04995d7247"},
    {file = "mypy-1.19.1.tar.gz", hash = "sha256:19d88bb05303fe63f71dd2c6270daca27cb9401c4ca8255fe50d1d920e0eb9ba"},
]

[package.dependencies]
librt = {version = ">=0.6.2", markers = "platform_python_implementation != \"PyPy\""}
mypy_extensions = ">=1.0.0"
pathspec = ">=0.9.0"
typing_extensions = ">=4.6.0"

[package.extras]
dmypy = ["psutil (>=4.0)"]
faster-cache = ["orjson"]
install-types = ["pip"]
mypyc = ["setuptools (>=50)"]
reports = ["lxml"]

[[package]]
name = "mypy-extensions"
version = "1.0.0"
description = "Type system extensions for programs checked with the mypy type checker."
optional = false
python-versions = ">=3.5"
files = [
    {file = "mypy_extensions-1.0.0-py3-none-any.whl", hash = "sha256:4392f6c0eb8a5668a69e23d168ffa70f0be9ccfd32b5cc2d26a34ae5b844552d"},
    {file = "mypy_extensions-1.0.0.tar.gz", hash = "sha256:75dbf8955dc00442a438fc4d0666508a9a97b6bd41aa2f0ffe9d2f2725af0782"},
]

[[package]]
name = "packaging"
version = "24.1"
description = "Core utilities for Python packages"
optional = false
python-versions = ">=3.8"
files = [
    {file = "packaging-24.1-py3-none-any.whl", hash = "sha256:5b8f2217dbdbd2f7f384c41c628544e6d52f2d0f53c6d0c3ea61aa5d1d7ff124"},
    {file = "packaging-24.1.tar.gz", hash = "sha256:026ed72c8ed3fcce5bf8950572258698927fd1dbda10a5e981cdf0ac37f4f002"},
]

[[package]]
name = "pathspec"
version = "0.12.1"
description = "Utility library for gitignore style pattern matching of file paths."
optional = false
python-versions = ">=3.8"
files = [
    {file = "pathspec-0.12.1-py3-none-any.whl", hash = "sha256:a0d503e138a4c123b27490a4f7beda6a01c6f288df0e4a8b79c7eb0dc7b4cc08"},
    {file = "pathspec-0.12.1.tar.gz", hash = "sha256:a482d51503a1ab33b1c67a6c3813a26953dbdc71c31dacaef9a838c4e29f5712"},
]

[[package]]
name = "platformdirs"
version = "4.2.2"
description = "A small Python package for determining appropriate platform-specific dirs, e.g. a `user data dir`."
optional = false
python-versions = ">=3.8"
files = [
    {file = "platformdirs-4.2.2-py3-none-any.whl", hash = "sha256:2d7a1657e36a80ea911db832a8a6ece5ee53d8de21edd5cc5879af6530b1bfee"},
    {file = "platformdirs-4.2.2.tar.gz", hash = "sha256:38b7b51f512eed9e84a22788b4bce1de17c0adb134d6becb09836e37d8654cd3"},
]

[package.extras]
docs = ["furo (>=2023.9.10)", "proselint (>=0.13)", "sphinx (>=7.2.6)", "sphinx-autodoc-typehints (>=1.25.2)"]
test = ["appdirs (==1.4.4)", "covdefaults (>=2.3)", "pytest (>=7.4.3)", "pytest-cov (>=4.1)", "pytest-mock (>=3.12)"]
type = ["mypy (>=1.8)"]

[[package]]
name = "pycodestyle"
version = "2.12.0"
description = "Python style guide checker"
optional = false
python-versions = ">=3.8"
files = [
    {file = "pycodestyle-2.12.0-py2.py3-none-any.whl", hash = "sha256:949a39f6b86c3e1515ba1787c2022131d165a8ad271b11370a8819aa070269e4"},
    {file = "pycodestyle-2.12.0.tar.gz", hash = "sha256:442f950141b4f43df752dd303511ffded3a04c2b6fb7f65980574f0c31e6e79c"},
]

[[package]]
name = "pyflakes"
version = "3.2.0"
description = "passive checker of Python programs"
optional = false
python-versions = ">=3.8"
files = [
    {file = "pyflakes-3.2.0-py2.py3-none-any.whl", hash = "sha256:84b5be138a2dfbb40689ca07e2152deb896a65c3a3e24c251c5c62489568074a"},
    {file = "pyflakes-3.2.0.tar.gz", hash = "sha256:1c61603ff154621fb2a9172037d84dca3500def8c8b630657d1701f026f8af3f"},
]

[[package]]
name = "pylint"
version = "3.2.6"
description = "python code static checker"
optional = false
python-versions = ">=3.8.0"
files = [
    {file = "pylint-3.2.6-py3-none-any.whl", hash = "sha256:03c8e3baa1d9fb995b12c1dbe00aa6c4bcef210c2a2634374aedeb22fb4a8f8f"},
    {file = "pylint-3.2.6.tar.gz", hash = "sha256:a5d01678349454806cff6d886fb072294f56a58c4761278c97fb557d708e1eb3"},
]

[package.dependencies]
astroid = ">=3.2.4,<=3.3.0-dev0"
colorama = {version = ">=0.4.5", markers = "sys_platform == \"win32\""}
dill = [
    {version = ">=0.3.7", markers = "python_version >= \"3.12\""},
    {version = ">=0.3.6", markers = "python_version >= \"3.11\" and python_version < \"3.12\""},
]
isort = ">=4.2.5,<5.13.0 || >5.13.0,<6"
mccabe = ">=0.6,<0.8"
platformdirs = ">=2.2.0"
tomlkit = ">=0.10.1"

[package.extras]
spelling = ["pyenchant (>=3.2,<4.0)"]
testutils = ["gitpython (>3)"]

[[package]]
name = "tomlkit"
version = "0.13.0"
description = "Style preserving TOML library"
optional = false
python-versions = ">=3.8"
files = [
    {file = "tomlkit-0.13.0-py3-none-any.whl", hash = "sha256:7075d3042d03b80f603482d69bf0c8f345c2b30e41699fd8883227f89972b264"},
    {file = "tomlkit-0.13.0.tar.gz", hash = "sha256:08ad192699734149f5b97b45f1f18dad7eb1b6d16bc72ad0c2335772650d7b72"},
]

[[package]]
name = "typing-extensions"
version = "4.12.2"
description = "Backported and Experimental Type Hints for Python 3.8+"
optional = false
python-versions = ">=3.8"
files = [
    {file = "typing_extensions-4.12.2-py3-none-any.whl", hash = "sha256:04e5ca0351e0f3f85c6853954072df659d0d13fac324d0072316b67d7794700d"},
    {file = "typing_extensions-4.12.2.tar.gz", hash = "sha256:1a7ead55c7e559dd4dee8856e3a88b41225abfe1ce8df57b7c13915fe121ffb8"},
]

[metadata]
lock-version = "2.0"
python-versions = "^3.11"
content-hash = "ecc3a78638a2fda70d55610f438b94c4a25cd939fcebcee9b6c0dea54ca77d5a"
